// !$*UTF8*$!
{
	archiveVersion = 1;
	classes = {
	};
	objectVersion = 56;
	objects = {

/* Begin PBXBuildFile section */
		585E45B92ABFB70400C51D10 /* friendsAndFriendsChatApp.swift in Sources */ = {isa = PBXBuildFile; fileRef = 585E45B82ABFB70400C51D10 /* friendsAndFriendsChatApp.swift */; };
		585E45BB2ABFB70400C51D10 /* ContentView.swift in Sources */ = {isa = PBXBuildFile; fileRef = 585E45BA2ABFB70400C51D10 /* ContentView.swift */; };
		585E45BD2ABFB70600C51D10 /* Assets.xcassets in Resources */ = {isa = PBXBuildFile; fileRef = 585E45BC2ABFB70600C51D10 /* Assets.xcassets */; };
		585E45C02ABFB70600C51D10 /* Preview Assets.xcassets in Resources */ = {isa = PBXBuildFile; fileRef = 585E45BF2ABFB70600C51D10 /* Preview Assets.xcassets */; };
		585E45CA2ABFB70600C51D10 /* friendsAndFriendsChatTests.swift in Sources */ = {isa = PBXBuildFile; fileRef = 585E45C92ABFB70600C51D10 /* friendsAndFriendsChatTests.swift */; };
		585E45D42ABFB70600C51D10 /* friendsAndFriendsChatUITests.swift in Sources */ = {isa = PBXBuildFile; fileRef = 585E45D32ABFB70600C51D10 /* friendsAndFriendsChatUITests.swift */; };
		585E45D62ABFB70600C51D10 /* friendsAndFriendsChatUITestsLaunchTests.swift in Sources */ = {isa = PBXBuildFile; fileRef = 585E45D52ABFB70600C51D10 /* friendsAndFriendsChatUITestsLaunchTests.swift */; };
		585E45E32ABFC7D900C51D10 /* TabBar.swift in Sources */ = {isa = PBXBuildFile; fileRef = 585E45E22ABFC7D900C51D10 /* TabBar.swift */; };
		585E45E52ABFC81800C51D10 /* ChatRooms.swift in Sources */ = {isa = PBXBuildFile; fileRef = 585E45E42ABFC81800C51D10 /* ChatRooms.swift */; };
		585E45E72ABFC83A00C51D10 /* CreateEvent.swift in Sources */ = {isa = PBXBuildFile; fileRef = 585E45E62ABFC83A00C51D10 /* CreateEvent.swift */; };
		585E45E92ABFC84700C51D10 /* Scan.swift in Sources */ = {isa = PBXBuildFile; fileRef = 585E45E82ABFC84700C51D10 /* Scan.swift */; };
/* End PBXBuildFile section */

/* Begin PBXContainerItemProxy section */
		585E45C62ABFB70600C51D10 /* PBXContainerItemProxy */ = {
			isa = PBXContainerItemProxy;
			containerPortal = 585E45AD2ABFB70400C51D10 /* Project object */;
			proxyType = 1;
			remoteGlobalIDString = 585E45B42ABFB70400C51D10;
			remoteInfo = friendsAndFriendsChat;
		};
		585E45D02ABFB70600C51D10 /* PBXContainerItemProxy */ = {
			isa = PBXContainerItemProxy;
			containerPortal = 585E45AD2ABFB70400C51D10 /* Project object */;
			proxyType = 1;
			remoteGlobalIDString = 585E45B42ABFB70400C51D10;
			remoteInfo = friendsAndFriendsChat;
		};
/* End PBXContainerItemProxy section */

/* Begin PBXFileReference section */
		585E45B52ABFB70400C51D10 /* friendsAndFriendsChat.app */ = {isa = PBXFileReference; explicitFileType = wrapper.application; includeInIndex = 0; path = friendsAndFriendsChat.app; sourceTree = BUILT_PRODUCTS_DIR; };
		585E45B82ABFB70400C51D10 /* friendsAndFriendsChatApp.swift */ = {isa = PBXFileReference; lastKnownFileType = sourcecode.swift; path = friendsAndFriendsChatApp.swift; sourceTree = "<group>"; };
		585E45BA2ABFB70400C51D10 /* ContentView.swift */ = {isa = PBXFileReference; lastKnownFileType = sourcecode.swift; path = ContentView.swift; sourceTree = "<group>"; };
		585E45BC2ABFB70600C51D10 /* Assets.xcassets */ = {isa = PBXFileReference; lastKnownFileType = folder.assetcatalog; path = Assets.xcassets; sourceTree = "<group>"; };
		585E45BF2ABFB70600C51D10 /* Preview Assets.xcassets */ = {isa = PBXFileReference; lastKnownFileType = folder.assetcatalog; path = "Preview Assets.xcassets"; sourceTree = "<group>"; };
		585E45C52ABFB70600C51D10 /* friendsAndFriendsChatTests.xctest */ = {isa = PBXFileReference; explicitFileType = wrapper.cfbundle; includeInIndex = 0; path = friendsAndFriendsChatTests.xctest; sourceTree = BUILT_PRODUCTS_DIR; };
		585E45C92ABFB70600C51D10 /* friendsAndFriendsChatTests.swift */ = {isa = PBXFileReference; lastKnownFileType = sourcecode.swift; path = friendsAndFriendsChatTests.swift; sourceTree = "<group>"; };
		585E45CF2ABFB70600C51D10 /* friendsAndFriendsChatUITests.xctest */ = {isa = PBXFileReference; explicitFileType = wrapper.cfbundle; includeInIndex = 0; path = friendsAndFriendsChatUITests.xctest; sourceTree = BUILT_PRODUCTS_DIR; };
		585E45D32ABFB70600C51D10 /* friendsAndFriendsChatUITests.swift */ = {isa = PBXFileReference; lastKnownFileType = sourcecode.swift; path = friendsAndFriendsChatUITests.swift; sourceTree = "<group>"; };
		585E45D52ABFB70600C51D10 /* friendsAndFriendsChatUITestsLaunchTests.swift */ = {isa = PBXFileReference; lastKnownFileType = sourcecode.swift; path = friendsAndFriendsChatUITestsLaunchTests.swift; sourceTree = "<group>"; };
		585E45E22ABFC7D900C51D10 /* TabBar.swift */ = {isa = PBXFileReference; lastKnownFileType = sourcecode.swift; path = TabBar.swift; sourceTree = "<group>"; };
		585E45E42ABFC81800C51D10 /* ChatRooms.swift */ = {isa = PBXFileReference; lastKnownFileType = sourcecode.swift; path = ChatRooms.swift; sourceTree = "<group>"; };
		585E45E62ABFC83A00C51D10 /* CreateEvent.swift */ = {isa = PBXFileReference; lastKnownFileType = sourcecode.swift; path = CreateEvent.swift; sourceTree = "<group>"; };
		585E45E82ABFC84700C51D10 /* Scan.swift */ = {isa = PBXFileReference; lastKnownFileType = sourcecode.swift; path = Scan.swift; sourceTree = "<group>"; };
/* End PBXFileReference section */

/* Begin PBXFrameworksBuildPhase section */
		585E45B22ABFB70400C51D10 /* Frameworks */ = {
			isa = PBXFrameworksBuildPhase;
			buildActionMask = 2147483647;
			files = (
			);
			runOnlyForDeploymentPostprocessing = 0;
		};
		585E45C22ABFB70600C51D10 /* Frameworks */ = {
			isa = PBXFrameworksBuildPhase;
			buildActionMask = 2147483647;
			files = (
			);
			runOnlyForDeploymentPostprocessing = 0;
		};
		585E45CC2ABFB70600C51D10 /* Frameworks */ = {
			isa = PBXFrameworksBuildPhase;
			buildActionMask = 2147483647;
			files = (
			);
			runOnlyForDeploymentPostprocessing = 0;
		};
/* End PBXFrameworksBuildPhase section */

/* Begin PBXGroup section */
		585E45AC2ABFB70400C51D10 = {
			isa = PBXGroup;
			children = (
				585E45B72ABFB70400C51D10 /* friendsAndFriendsChat */,
				585E45C82ABFB70600C51D10 /* friendsAndFriendsChatTests */,
				585E45D22ABFB70600C51D10 /* friendsAndFriendsChatUITests */,
				585E45B62ABFB70400C51D10 /* Products */,
			);
			sourceTree = "<group>";
		};
		585E45B62ABFB70400C51D10 /* Products */ = {
			isa = PBXGroup;
			children = (
				585E45B52ABFB70400C51D10 /* friendsAndFriendsChat.app */,
				585E45C52ABFB70600C51D10 /* friendsAndFriendsChatTests.xctest */,
				585E45CF2ABFB70600C51D10 /* friendsAndFriendsChatUITests.xctest */,
			);
			name = Products;
			sourceTree = "<group>";
		};
		585E45B72ABFB70400C51D10 /* friendsAndFriendsChat */ = {
			isa = PBXGroup;
			children = (
				585E45B82ABFB70400C51D10 /* friendsAndFriendsChatApp.swift */,
				585E45BA2ABFB70400C51D10 /* ContentView.swift */,
				585E45E22ABFC7D900C51D10 /* TabBar.swift */,
				585E45E42ABFC81800C51D10 /* ChatRooms.swift */,
				585E45E62ABFC83A00C51D10 /* CreateEvent.swift */,
				585E45E82ABFC84700C51D10 /* Scan.swift */,
				585E45BC2ABFB70600C51D10 /* Assets.xcassets */,
				585E45BE2ABFB70600C51D10 /* Preview Content */,
			);
			path = friendsAndFriendsChat;
			sourceTree = "<group>";
		};
		585E45BE2ABFB70600C51D10 /* Preview Content */ = {
			isa = PBXGroup;
			children = (
				585E45BF2ABFB70600C51D10 /* Preview Assets.xcassets */,
			);
			path = "Preview Content";
			sourceTree = "<group>";
		};
		585E45C82ABFB70600C51D10 /* friendsAndFriendsChatTests */ = {
			isa = PBXGroup;
			children = (
				585E45C92ABFB70600C51D10 /* friendsAndFriendsChatTests.swift */,
			);
			path = friendsAndFriendsChatTests;
			sourceTree = "<group>";
		};
		585E45D22ABFB70600C51D10 /* friendsAndFriendsChatUITests */ = {
			isa = PBXGroup;
			children = (
				585E45D32ABFB70600C51D10 /* friendsAndFriendsChatUITests.swift */,
				585E45D52ABFB70600C51D10 /* friendsAndFriendsChatUITestsLaunchTests.swift */,
			);
			path = friendsAndFriendsChatUITests;
			sourceTree = "<group>";
		};
/* End PBXGroup section */

/* Begin PBXNativeTarget section */
		585E45B42ABFB70400C51D10 /* friendsAndFriendsChat */ = {
			isa = PBXNativeTarget;
			buildConfigurationList = 585E45D92ABFB70600C51D10 /* Build configuration list for PBXNativeTarget "friendsAndFriendsChat" */;
			buildPhases = (
				585E45B12ABFB70400C51D10 /* Sources */,
				585E45B22ABFB70400C51D10 /* Frameworks */,
				585E45B32ABFB70400C51D10 /* Resources */,
			);
			buildRules = (
			);
			dependencies = (
			);
			name = friendsAndFriendsChat;
			productName = friendsAndFriendsChat;
			productReference = 585E45B52ABFB70400C51D10 /* friendsAndFriendsChat.app */;
			productType = "com.apple.product-type.application";
		};
		585E45C42ABFB70600C51D10 /* friendsAndFriendsChatTests */ = {
			isa = PBXNativeTarget;
			buildConfigurationList = 585E45DC2ABFB70600C51D10 /* Build configuration list for PBXNativeTarget "friendsAndFriendsChatTests" */;
			buildPhases = (
				585E45C12ABFB70600C51D10 /* Sources */,
				585E45C22ABFB70600C51D10 /* Frameworks */,
				585E45C32ABFB70600C51D10 /* Resources */,
			);
			buildRules = (
			);
			dependencies = (
				585E45C72ABFB70600C51D10 /* PBXTargetDependency */,
			);
			name = friendsAndFriendsChatTests;
			productName = friendsAndFriendsChatTests;
			productReference = 585E45C52ABFB70600C51D10 /* friendsAndFriendsChatTests.xctest */;
			productType = "com.apple.product-type.bundle.unit-test";
		};
		585E45CE2ABFB70600C51D10 /* friendsAndFriendsChatUITests */ = {
			isa = PBXNativeTarget;
			buildConfigurationList = 585E45DF2ABFB70600C51D10 /* Build configuration list for PBXNativeTarget "friendsAndFriendsChatUITests" */;
			buildPhases = (
				585E45CB2ABFB70600C51D10 /* Sources */,
				585E45CC2ABFB70600C51D10 /* Frameworks */,
				585E45CD2ABFB70600C51D10 /* Resources */,
			);
			buildRules = (
			);
			dependencies = (
				585E45D12ABFB70600C51D10 /* PBXTargetDependency */,
			);
			name = friendsAndFriendsChatUITests;
			productName = friendsAndFriendsChatUITests;
			productReference = 585E45CF2ABFB70600C51D10 /* friendsAndFriendsChatUITests.xctest */;
			productType = "com.apple.product-type.bundle.ui-testing";
		};
/* End PBXNativeTarget section */

/* Begin PBXProject section */
		585E45AD2ABFB70400C51D10 /* Project object */ = {
			isa = PBXProject;
			attributes = {
				BuildIndependentTargetsInParallel = 1;
				LastSwiftUpdateCheck = 1420;
				LastUpgradeCheck = 1420;
				TargetAttributes = {
					585E45B42ABFB70400C51D10 = {
						CreatedOnToolsVersion = 14.2;
					};
					585E45C42ABFB70600C51D10 = {
						CreatedOnToolsVersion = 14.2;
						TestTargetID = 585E45B42ABFB70400C51D10;
					};
					585E45CE2ABFB70600C51D10 = {
						CreatedOnToolsVersion = 14.2;
						TestTargetID = 585E45B42ABFB70400C51D10;
					};
				};
			};
			buildConfigurationList = 585E45B02ABFB70400C51D10 /* Build configuration list for PBXProject "friendsAndFriendsChat" */;
			compatibilityVersion = "Xcode 14.0";
			developmentRegion = en;
			hasScannedForEncodings = 0;
			knownRegions = (
				en,
				Base,
			);
			mainGroup = 585E45AC2ABFB70400C51D10;
			productRefGroup = 585E45B62ABFB70400C51D10 /* Products */;
			projectDirPath = "";
			projectRoot = "";
			targets = (
				585E45B42ABFB70400C51D10 /* friendsAndFriendsChat */,
				585E45C42ABFB70600C51D10 /* friendsAndFriendsChatTests */,
				585E45CE2ABFB70600C51D10 /* friendsAndFriendsChatUITests */,
			);
		};
/* End PBXProject section */

/* Begin PBXResourcesBuildPhase section */
		585E45B32ABFB70400C51D10 /* Resources */ = {
			isa = PBXResourcesBuildPhase;
			buildActionMask = 2147483647;
			files = (
				585E45C02ABFB70600C51D10 /* Preview Assets.xcassets in Resources */,
				585E45BD2ABFB70600C51D10 /* Assets.xcassets in Resources */,
			);
			runOnlyForDeploymentPostprocessing = 0;
		};
		585E45C32ABFB70600C51D10 /* Resources */ = {
			isa = PBXResourcesBuildPhase;
			buildActionMask = 2147483647;
			files = (
			);
			runOnlyForDeploymentPostprocessing = 0;
		};
		585E45CD2ABFB70600C51D10 /* Resources */ = {
			isa = PBXResourcesBuildPhase;
			buildActionMask = 2147483647;
			files = (
			);
			runOnlyForDeploymentPostprocessing = 0;
		};
/* End PBXResourcesBuildPhase section */

/* Begin PBXSourcesBuildPhase section */
		585E45B12ABFB70400C51D10 /* Sources */ = {
			isa = PBXSourcesBuildPhase;
			buildActionMask = 2147483647;
			files = (
				585E45E32ABFC7D900C51D10 /* TabBar.swift in Sources */,
				585E45BB2ABFB70400C51D10 /* ContentView.swift in Sources */,
				585E45E92ABFC84700C51D10 /* Scan.swift in Sources */,
				585E45E72ABFC83A00C51D10 /* CreateEvent.swift in Sources */,
				585E45E52ABFC81800C51D10 /* ChatRooms.swift in Sources */,
				585E45B92ABFB70400C51D10 /* friendsAndFriendsChatApp.swift in Sources */,
			);
			runOnlyForDeploymentPostprocessing = 0;
		};
		585E45C12ABFB70600C51D10 /* Sources */ = {
			isa = PBXSourcesBuildPhase;
			buildActionMask = 2147483647;
			files = (
				585E45CA2ABFB70600C51D10 /* friendsAndFriendsChatTests.swift in Sources */,
			);
			runOnlyForDeploymentPostprocessing = 0;
		};
		585E45CB2ABFB70600C51D10 /* Sources */ = {
			isa = PBXSourcesBuildPhase;
			buildActionMask = 2147483647;
			files = (
				585E45D62ABFB70600C51D10 /* friendsAndFriendsChatUITestsLaunchTests.swift in Sources */,
				585E45D42ABFB70600C51D10 /* friendsAndFriendsChatUITests.swift in Sources */,
			);
			runOnlyForDeploymentPostprocessing = 0;
		};
/* End PBXSourcesBuildPhase section */

/* Begin PBXTargetDependency section */
		585E45C72ABFB70600C51D10 /* PBXTargetDependency */ = {
			isa = PBXTargetDependency;
			target = 585E45B42ABFB70400C51D10 /* friendsAndFriendsChat */;
			targetProxy = 585E45C62ABFB70600C51D10 /* PBXContainerItemProxy */;
		};
		585E45D12ABFB70600C51D10 /* PBXTargetDependency */ = {
			isa = PBXTargetDependency;
			target = 585E45B42ABFB70400C51D10 /* friendsAndFriendsChat */;
			targetProxy = 585E45D02ABFB70600C51D10 /* PBXContainerItemProxy */;
		};
/* End PBXTargetDependency section */

/* Begin XCBuildConfiguration section */
		585E45D72ABFB70600C51D10 /* Debug */ = {
			isa = XCBuildConfiguration;
			buildSettings = {
				ALWAYS_SEARCH_USER_PATHS = NO;
				CLANG_ANALYZER_NONNULL = YES;
				CLANG_ANALYZER_NUMBER_OBJECT_CONVERSION = YES_AGGRESSIVE;
				CLANG_CXX_LANGUAGE_STANDARD = "gnu++20";
				CLANG_ENABLE_MODULES = YES;
				CLANG_ENABLE_OBJC_ARC = YES;
				CLANG_ENABLE_OBJC_WEAK = YES;
				CLANG_WARN_BLOCK_CAPTURE_AUTORELEASING = YES;
				CLANG_WARN_BOOL_CONVERSION = YES;
				CLANG_WARN_COMMA = YES;
				CLANG_WARN_CONSTANT_CONVERSION = YES;
				CLANG_WARN_DEPRECATED_OBJC_IMPLEMENTATIONS = YES;
				CLANG_WARN_DIRECT_OBJC_ISA_USAGE = YES_ERROR;
				CLANG_WARN_DOCUMENTATION_COMMENTS = YES;
				CLANG_WARN_EMPTY_BODY = YES;
				CLANG_WARN_ENUM_CONVERSION = YES;
				CLANG_WARN_INFINITE_RECURSION = YES;
				CLANG_WARN_INT_CONVERSION = YES;
				CLANG_WARN_NON_LITERAL_NULL_CONVERSION = YES;
				CLANG_WARN_OBJC_IMPLICIT_RETAIN_SELF = YES;
				CLANG_WARN_OBJC_LITERAL_CONVERSION = YES;
				CLANG_WARN_OBJC_ROOT_CLASS = YES_ERROR;
				CLANG_WARN_QUOTED_INCLUDE_IN_FRAMEWORK_HEADER = YES;
				CLANG_WARN_RANGE_LOOP_ANALYSIS = YES;
				CLANG_WARN_STRICT_PROTOTYPES = YES;
				CLANG_WARN_SUSPICIOUS_MOVE = YES;
				CLANG_WARN_UNGUARDED_AVAILABILITY = YES_AGGRESSIVE;
				CLANG_WARN_UNREACHABLE_CODE = YES;
				CLANG_WARN__DUPLICATE_METHOD_MATCH = YES;
				COPY_PHASE_STRIP = NO;
				DEBUG_INFORMATION_FORMAT = dwarf;
				ENABLE_STRICT_OBJC_MSGSEND = YES;
				ENABLE_TESTABILITY = YES;
				GCC_C_LANGUAGE_STANDARD = gnu11;
				GCC_DYNAMIC_NO_PIC = NO;
				GCC_NO_COMMON_BLOCKS = YES;
				GCC_OPTIMIZATION_LEVEL = 0;
				GCC_PREPROCESSOR_DEFINITIONS = (
					"DEBUG=1",
					"$(inherited)",
				);
				GCC_WARN_64_TO_32_BIT_CONVERSION = YES;
				GCC_WARN_ABOUT_RETURN_TYPE = YES_ERROR;
				GCC_WARN_UNDECLARED_SELECTOR = YES;
				GCC_WARN_UNINITIALIZED_AUTOS = YES_AGGRESSIVE;
				GCC_WARN_UNUSED_FUNCTION = YES;
				GCC_WARN_UNUSED_VARIABLE = YES;
				IPHONEOS_DEPLOYMENT_TARGET = 16.2;
				MTL_ENABLE_DEBUG_INFO = INCLUDE_SOURCE;
				MTL_FAST_MATH = YES;
				ONLY_ACTIVE_ARCH = YES;
				SDKROOT = iphoneos;
				SWIFT_ACTIVE_COMPILATION_CONDITIONS = DEBUG;
				SWIFT_OPTIMIZATION_LEVEL = "-Onone";
			};
			name = Debug;
		};
		585E45D82ABFB70600C51D10 /* Release */ = {
			isa = XCBuildConfiguration;
			buildSettings = {
				ALWAYS_SEARCH_USER_PATHS = NO;
				CLANG_ANALYZER_NONNULL = YES;
				CLANG_ANALYZER_NUMBER_OBJECT_CONVERSION = YES_AGGRESSIVE;
				CLANG_CXX_LANGUAGE_STANDARD = "gnu++20";
				CLANG_ENABLE_MODULES = YES;
				CLANG_ENABLE_OBJC_ARC = YES;
				CLANG_ENABLE_OBJC_WEAK = YES;
				CLANG_WARN_BLOCK_CAPTURE_AUTORELEASING = YES;
				CLANG_WARN_BOOL_CONVERSION = YES;
				CLANG_WARN_COMMA = YES;
				CLANG_WARN_CONSTANT_CONVERSION = YES;
				CLANG_WARN_DEPRECATED_OBJC_IMPLEMENTATIONS = YES;
				CLANG_WARN_DIRECT_OBJC_ISA_USAGE = YES_ERROR;
				CLANG_WARN_DOCUMENTATION_COMMENTS = YES;
				CLANG_WARN_EMPTY_BODY = YES;
				CLANG_WARN_ENUM_CONVERSION = YES;
				CLANG_WARN_INFINITE_RECURSION = YES;
				CLANG_WARN_INT_CONVERSION = YES;
				CLANG_WARN_NON_LITERAL_NULL_CONVERSION = YES;
				CLANG_WARN_OBJC_IMPLICIT_RETAIN_SELF = YES;
				CLANG_WARN_OBJC_LITERAL_CONVERSION = YES;
				CLANG_WARN_OBJC_ROOT_CLASS = YES_ERROR;
				CLANG_WARN_QUOTED_INCLUDE_IN_FRAMEWORK_HEADER = YES;
				CLANG_WARN_RANGE_LOOP_ANALYSIS = YES;
				CLANG_WARN_STRICT_PROTOTYPES = YES;
				CLANG_WARN_SUSPICIOUS_MOVE = YES;
				CLANG_WARN_UNGUARDED_AVAILABILITY = YES_AGGRESSIVE;
				CLANG_WARN_UNREACHABLE_CODE = YES;
				CLANG_WARN__DUPLICATE_METHOD_MATCH = YES;
				COPY_PHASE_STRIP = NO;
				DEBUG_INFORMATION_FORMAT = "dwarf-with-dsym";
				ENABLE_NS_ASSERTIONS = NO;
				ENABLE_STRICT_OBJC_MSGSEND = YES;
				GCC_C_LANGUAGE_STANDARD = gnu11;
				GCC_NO_COMMON_BLOCKS = YES;
				GCC_WARN_64_TO_32_BIT_CONVERSION = YES;
				GCC_WARN_ABOUT_RETURN_TYPE = YES_ERROR;
				GCC_WARN_UNDECLARED_SELECTOR = YES;
				GCC_WARN_UNINITIALIZED_AUTOS = YES_AGGRESSIVE;
				GCC_WARN_UNUSED_FUNCTION = YES;
				GCC_WARN_UNUSED_VARIABLE = YES;
				IPHONEOS_DEPLOYMENT_TARGET = 16.2;
				MTL_ENABLE_DEBUG_INFO = NO;
				MTL_FAST_MATH = YES;
				SDKROOT = iphoneos;
				SWIFT_COMPILATION_MODE = wholemodule;
				SWIFT_OPTIMIZATION_LEVEL = "-O";
				VALIDATE_PRODUCT = YES;
			};
			name = Release;
		};
		585E45DA2ABFB70600C51D10 /* Debug */ = {
			isa = XCBuildConfiguration;
			buildSettings = {
				ASSETCATALOG_COMPILER_APPICON_NAME = AppIcon;
				ASSETCATALOG_COMPILER_GLOBAL_ACCENT_COLOR_NAME = AccentColor;
				CODE_SIGN_STYLE = Automatic;
				CURRENT_PROJECT_VERSION = 1;
				DEVELOPMENT_ASSET_PATHS = "\"friendsAndFriendsChat/Preview Content\"";
				ENABLE_PREVIEWS = YES;
				GENERATE_INFOPLIST_FILE = YES;
				INFOPLIST_KEY_UIApplicationSceneManifest_Generation = YES;
				INFOPLIST_KEY_UIApplicationSupportsIndirectInputEvents = YES;
				INFOPLIST_KEY_UILaunchScreen_Generation = YES;
				INFOPLIST_KEY_UISupportedInterfaceOrientations_iPad = "UIInterfaceOrientationPortrait UIInterfaceOrientationPortraitUpsideDown UIInterfaceOrientationLandscapeLeft UIInterfaceOrientationLandscapeRight";
				INFOPLIST_KEY_UISupportedInterfaceOrientations_iPhone = "UIInterfaceOrientationPortrait UIInterfaceOrientationLandscapeLeft UIInterfaceOrientationLandscapeRight";
				LD_RUNPATH_SEARCH_PATHS = (
					"$(inherited)",
					"@executable_path/Frameworks",
				);
				MARKETING_VERSION = 1.0;
				PRODUCT_BUNDLE_IDENTIFIER = ios.friendsAndFriendsChat;
				PRODUCT_NAME = "$(TARGET_NAME)";
				SWIFT_EMIT_LOC_STRINGS = YES;
				SWIFT_VERSION = 5.0;
				TARGETED_DEVICE_FAMILY = "1,2";
			};
			name = Debug;
		};
		585E45DB2ABFB70600C51D10 /* Release */ = {
			isa = XCBuildConfiguration;
			buildSettings = {
				ASSETCATALOG_COMPILER_APPICON_NAME = AppIcon;
				ASSETCATALOG_COMPILER_GLOBAL_ACCENT_COLOR_NAME = AccentColor;
				CODE_SIGN_STYLE = Automatic;
				CURRENT_PROJECT_VERSION = 1;
				DEVELOPMENT_ASSET_PATHS = "\"friendsAndFriendsChat/Preview Content\"";
				ENABLE_PREVIEWS = YES;
				GENERATE_INFOPLIST_FILE = YES;
				INFOPLIST_KEY_UIApplicationSceneManifest_Generation = YES;
				INFOPLIST_KEY_UIApplicationSupportsIndirectInputEvents = YES;
				INFOPLIST_KEY_UILaunchScreen_Generation = YES;
				INFOPLIST_KEY_UISupportedInterfaceOrientations_iPad = "UIInterfaceOrientationPortrait UIInterfaceOrientationPortraitUpsideDown UIInterfaceOrientationLandscapeLeft UIInterfaceOrientationLandscapeRight";
				INFOPLIST_KEY_UISupportedInterfaceOrientations_iPhone = "UIInterfaceOrientationPortrait UIInterfaceOrientationLandscapeLeft UIInterfaceOrientationLandscapeRight";
				LD_RUNPATH_SEARCH_PATHS = (
					"$(inherited)",
					"@executable_path/Frameworks",
				);
				MARKETING_VERSION = 1.0;
				PRODUCT_BUNDLE_IDENTIFIER = ios.friendsAndFriendsChat;
				PRODUCT_NAME = "$(TARGET_NAME)";
				SWIFT_EMIT_LOC_STRINGS = YES;
				SWIFT_VERSION = 5.0;
				TARGETED_DEVICE_FAMILY = "1,2";
			};
			name = Release;
		};
		585E45DD2ABFB70600C51D10 /* Debug */ = {
			isa = XCBuildConfiguration;
			buildSettings = {
				ALWAYS_EMBED_SWIFT_STANDARD_LIBRARIES = YES;
				BUNDLE_LOADER = "$(TEST_HOST)";
				CODE_SIGN_STYLE = Automatic;
				CURRENT_PROJECT_VERSION = 1;
				GENERATE_INFOPLIST_FILE = YES;
				IPHONEOS_DEPLOYMENT_TARGET = 16.2;
				MARKETING_VERSION = 1.0;
				PRODUCT_BUNDLE_IDENTIFIER = ios.friendsAndFriendsChatTests;
				PRODUCT_NAME = "$(TARGET_NAME)";
				SWIFT_EMIT_LOC_STRINGS = NO;
				SWIFT_VERSION = 5.0;
				TARGETED_DEVICE_FAMILY = "1,2";
				TEST_HOST = "$(BUILT_PRODUCTS_DIR)/friendsAndFriendsChat.app/$(BUNDLE_EXECUTABLE_FOLDER_PATH)/friendsAndFriendsChat";
			};
			name = Debug;
		};
		585E45DE2ABFB70600C51D10 /* Release */ = {
			isa = XCBuildConfiguration;
			buildSettings = {
				ALWAYS_EMBED_SWIFT_STANDARD_LIBRARIES = YES;
				BUNDLE_LOADER = "$(TEST_HOST)";
				CODE_SIGN_STYLE = Automatic;
				CURRENT_PROJECT_VERSION = 1;
				GENERATE_INFOPLIST_FILE = YES;
				IPHONEOS_DEPLOYMENT_TARGET = 16.2;
				MARKETING_VERSION = 1.0;
				PRODUCT_BUNDLE_IDENTIFIER = ios.friendsAndFriendsChatTests;
				PRODUCT_NAME = "$(TARGET_NAME)";
				SWIFT_EMIT_LOC_STRINGS = NO;
				SWIFT_VERSION = 5.0;
				TARGETED_DEVICE_FAMILY = "1,2";
				TEST_HOST = "$(BUILT_PRODUCTS_DIR)/friendsAndFriendsChat.app/$(BUNDLE_EXECUTABLE_FOLDER_PATH)/friendsAndFriendsChat";
			};
			name = Release;
		};
		585E45E02ABFB70600C51D10 /* Debug */ = {
			isa = XCBuildConfiguration;
			buildSettings = {
				ALWAYS_EMBED_SWIFT_STANDARD_LIBRARIES = YES;
				CODE_SIGN_STYLE = Automatic;
				CURRENT_PROJECT_VERSION = 1;
				GENERATE_INFOPLIST_FILE = YES;
				MARKETING_VERSION = 1.0;
				PRODUCT_BUNDLE_IDENTIFIER = ios.friendsAndFriendsChatUITests;
				PRODUCT_NAME = "$(TARGET_NAME)";
				SWIFT_EMIT_LOC_STRINGS = NO;
				SWIFT_VERSION = 5.0;
				TARGETED_DEVICE_FAMILY = "1,2";
				TEST_TARGET_NAME = friendsAndFriendsChat;
			};
			name = Debug;
		};
		585E45E12ABFB70600C51D10 /* Release */ = {
			isa = XCBuildConfiguration;
			buildSettings = {
				ALWAYS_EMBED_SWIFT_STANDARD_LIBRARIES = YES;
				CODE_SIGN_STYLE = Automatic;
				CURRENT_PROJECT_VERSION = 1;
				GENERATE_INFOPLIST_FILE = YES;
				MARKETING_VERSION = 1.0;
				PRODUCT_BUNDLE_IDENTIFIER = ios.friendsAndFriendsChatUITests;
				PRODUCT_NAME = "$(TARGET_NAME)";
				SWIFT_EMIT_LOC_STRINGS = NO;
				SWIFT_VERSION = 5.0;
				TARGETED_DEVICE_FAMILY = "1,2";
				TEST_TARGET_NAME = friendsAndFriendsChat;
			};
			name = Release;
		};
/* End XCBuildConfiguration section */

/* Begin XCConfigurationList section */
		585E45B02ABFB70400C51D10 /* Build configuration list for PBXProject "friendsAndFriendsChat" */ = {
			isa = XCConfigurationList;
			buildConfigurations = (
				585E45D72ABFB70600C51D10 /* Debug */,
				585E45D82ABFB70600C51D10 /* Release */,
			);
			defaultConfigurationIsVisible = 0;
			defaultConfigurationName = Release;
		};
		585E45D92ABFB70600C51D10 /* Build configuration list for PBXNativeTarget "friendsAndFriendsChat" */ = {
			isa = XCConfigurationList;
			buildConfigurations = (
				585E45DA2ABFB70600C51D10 /* Debug */,
				585E45DB2ABFB70600C51D10 /* Release */,
			);
			defaultConfigurationIsVisible = 0;
			defaultConfigurationName = Release;
		};
		585E45DC2ABFB70600C51D10 /* Build configuration list for PBXNativeTarget "friendsAndFriendsChatTests" */ = {
			isa = XCConfigurationList;
			buildConfigurations = (
				585E45DD2ABFB70600C51D10 /* Debug */,
				585E45DE2ABFB70600C51D10 /* Release */,
			);
			defaultConfigurationIsVisible = 0;
			defaultConfigurationName = Release;
		};
		585E45DF2ABFB70600C51D10 /* Build configuration list for PBXNativeTarget "friendsAndFriendsChatUITests" */ = {
			isa = XCConfigurationList;
			buildConfigurations = (
				585E45E02ABFB70600C51D10 /* Debug */,
				585E45E12ABFB70600C51D10 /* Release */,
			);
			defaultConfigurationIsVisible = 0;
			defaultConfigurationName = Release;
		};
/* End XCConfigurationList section */
	};
	rootObject = 585E45AD2ABFB70400C51D10 /* Project object */;
}
